lockVersion: 2.0.0
id: 2c62cf9c-f2a1-4b19-9318-c2d8c044ed24
management:
  docChecksum: 339a81da0c49c0ac0def68c320f7886e
  docVersion: 2.0.0
  speakeasyVersion: 1.615.2
  generationVersion: 2.698.4
  releaseVersion: 0.0.1
  configChecksum: 9c77d3969ea5c3ff63214edf4c40603b
features:
  mcp-typescript:
    acceptHeaders: 0.1.0
    additionalDependencies: 0.1.0
    additionalProperties: 0.1.0
    constsAndDefaults: 0.1.0
    core: 0.3.4
    defaultEnabledRetries: 0.1.0
    deprecations: 0.1.0
    enumUnions: 0.1.0
    globalSecurity: 0.1.1
    globalSecurityCallbacks: 0.0.0
    globalServerURLs: 0.1.0
    responseFormat: 0.1.0
    retries: 0.1.0
    sdkHooks: 0.2.0
    unions: 0.1.0
generatedFiles:
  - .dxtignore
  - .gitattributes
  - .npmignore
  - eslint.config.mjs
  - manifest.json
  - package.json
  - src/core.ts
  - src/funcs/apIsCreateApi.ts
  - src/funcs/apIsCreateApiDeployment.ts
  - src/funcs/apIsCreateApiFromSwagger.ts
  - src/funcs/apIsCreateApiWithImportDefinition.ts
  - src/funcs/apIsDeleteApi.ts
  - src/funcs/apIsDeleteApiBackground.ts
  - src/funcs/apIsDeleteApiPicture.ts
  - src/funcs/apIsDuplicateApi.ts
  - src/funcs/apIsExportApiDefinition.ts
  - src/funcs/apIsGetApi.ts
  - src/funcs/apIsGetApiBackground.ts
  - src/funcs/apIsGetApiMetadata.ts
  - src/funcs/apIsGetApiPicture.ts
  - src/funcs/apIsGetCurrentApiDeployment.ts
  - src/funcs/apIsListApis.ts
  - src/funcs/apIsReviewsAccept.ts
  - src/funcs/apIsReviewsAsk.ts
  - src/funcs/apIsReviewsReject.ts
  - src/funcs/apIsRollbackApi.ts
  - src/funcs/apIsSearchApis.ts
  - src/funcs/apIsStartApi.ts
  - src/funcs/apIsStopApi.ts
  - src/funcs/apIsTransferOwnership.ts
  - src/funcs/apIsUpdateApi.ts
  - src/funcs/apIsUpdateApiBackground.ts
  - src/funcs/apIsUpdateApiPicture.ts
  - src/funcs/apIsVerifyHosts.ts
  - src/funcs/apIsVerifyPaths.ts
  - src/funcs/apiAnalyticsGetAPIAnalyticsRequestCount.ts
  - src/funcs/apiAnalyticsGetAPILog.ts
  - src/funcs/apiAnalyticsGetAPILogs.ts
  - src/funcs/apiAnalyticsGetAPIMessageLogs.ts
  - src/funcs/apiAnalyticsGetAverageConnectionDuration.ts
  - src/funcs/apiAnalyticsGetAverageMessagesPerRequest.ts
  - src/funcs/apiAnalyticsGetResponseStatusCodes.ts
  - src/funcs/apiAnalyticsGetResponseStatusOvertime.ts
  - src/funcs/apiAnalyticsGetResponseTimeOverTime.ts
  - src/funcs/apiAuditsGetAPIAudits.ts
  - src/funcs/apiAuditsListAPIAuditEvents.ts
  - src/funcs/apiDocumentationCreateDocumentationPage.ts
  - src/funcs/apiDocumentationDeleteDocumentationPage.ts
  - src/funcs/apiDocumentationFetchDocumentationPage.ts
  - src/funcs/apiDocumentationGetAPIPage.ts
  - src/funcs/apiDocumentationGetAPIPages.ts
  - src/funcs/apiDocumentationPublishDocumentationPage.ts
  - src/funcs/apiDocumentationUnpublishDocumentationPage.ts
  - src/funcs/apiDocumentationUpdateDocumentationPage.ts
  - src/funcs/apiEventsGetAPIEventById.ts
  - src/funcs/apiEventsGetAPIEvents.ts
  - src/funcs/apiHealthGetAPIAvailability.ts
  - src/funcs/apiHealthGetAPIHealthAverageResponseTime.ts
  - src/funcs/apiHealthGetAPIHealthAverageResponseTimeOvertime.ts
  - src/funcs/apiHealthGetAPIHealthLogs.ts
  - src/funcs/apiMembersAddAPIMember.ts
  - src/funcs/apiMembersListAPIMembers.ts
  - src/funcs/apiMembersRemoveAPIMember.ts
  - src/funcs/apiMembersUpdateAPIMember.ts
  - src/funcs/apiPlansCloseAPIPlan.ts
  - src/funcs/apiPlansCreateAPIPlan.ts
  - src/funcs/apiPlansDeleteAPIPlan.ts
  - src/funcs/apiPlansDeprecateAPIPlan.ts
  - src/funcs/apiPlansGetAPIPlan.ts
  - src/funcs/apiPlansListAPIPlans.ts
  - src/funcs/apiPlansPublishAPIPlan.ts
  - src/funcs/apiPlansUpdateAPIPlan.ts
  - src/funcs/apiScoringGetAPIScoring.ts
  - src/funcs/apiScoringTriggerAPIScoring.ts
  - src/funcs/apiSpecGenGetSpecGenState.ts
  - src/funcs/apiSpecGenPost.ts
  - src/funcs/apiSubscriptionsAcceptAPISubscription.ts
  - src/funcs/apiSubscriptionsCloseAPISubscription.ts
  - src/funcs/apiSubscriptionsCreateAPISubscription.ts
  - src/funcs/apiSubscriptionsExportAPISubscriptions.ts
  - src/funcs/apiSubscriptionsGetAPISubscribers.ts
  - src/funcs/apiSubscriptionsGetAPISubscription.ts
  - src/funcs/apiSubscriptionsGetAPISubscriptionAPIKeys.ts
  - src/funcs/apiSubscriptionsGetAPISubscriptions.ts
  - src/funcs/apiSubscriptionsPauseAPISubscription.ts
  - src/funcs/apiSubscriptionsReactivateAPISubscriptionAPIKey.ts
  - src/funcs/apiSubscriptionsRejectAPISubscription.ts
  - src/funcs/apiSubscriptionsRenewAPISubscriptionAPIKeys.ts
  - src/funcs/apiSubscriptionsResumeAPISubscription.ts
  - src/funcs/apiSubscriptionsRevokeAPISubscriptionAPIKey.ts
  - src/funcs/apiSubscriptionsTransferAPISubscription.ts
  - src/funcs/apiSubscriptionsUpdateAPISubscription.ts
  - src/funcs/apiSubscriptionsUpdateAPISubscriptionAPIKey.ts
  - src/funcs/apiSubscriptionsVerifyAPIDeployment.ts
  - src/funcs/apiSubscriptionsVerifyCreateAPISubscription.ts
  - src/funcs/asyncJobsListAsyncJob.ts
  - src/funcs/categoriesGetCategoryApisPage.ts
  - src/funcs/categoriesUpdateCategoryApi.ts
  - src/funcs/groupsListGroupMembers.ts
  - src/funcs/groupsListGroups.ts
  - src/funcs/integrationMembersAddIntegrationMember.ts
  - src/funcs/integrationMembersListIntegrationMembers.ts
  - src/funcs/integrationMembersRemoveIntegrationMember.ts
  - src/funcs/integrationMembersUpdateIntegrationMember.ts
  - src/funcs/integrationsCreateIntegration.ts
  - src/funcs/integrationsDeleteIngestedApis.ts
  - src/funcs/integrationsDeleteIntegration.ts
  - src/funcs/integrationsGetIntegration.ts
  - src/funcs/integrationsIngestIntegration.ts
  - src/funcs/integrationsIngestedApis.ts
  - src/funcs/integrationsListIntegrations.ts
  - src/funcs/integrationsPreviewIntegration.ts
  - src/funcs/integrationsUpdateIntegration.ts
  - src/hooks/hooks.ts
  - src/hooks/types.ts
  - src/lib/base64.ts
  - src/lib/config.ts
  - src/lib/dlv.ts
  - src/lib/encodings.ts
  - src/lib/env.ts
  - src/lib/files.ts
  - src/lib/http.ts
  - src/lib/is-plain-object.ts
  - src/lib/logger.ts
  - src/lib/matchers.ts
  - src/lib/primitives.ts
  - src/lib/result.ts
  - src/lib/retries.ts
  - src/lib/schemas.ts
  - src/lib/sdks.ts
  - src/lib/security.ts
  - src/lib/url.ts
  - src/mcp-server/build.mts
  - src/mcp-server/cli.ts
  - src/mcp-server/cli/start/command.ts
  - src/mcp-server/cli/start/impl.ts
  - src/mcp-server/console-logger.ts
  - src/mcp-server/extensions.ts
  - src/mcp-server/mcp-server.ts
  - src/mcp-server/prompts.ts
  - src/mcp-server/resources.ts
  - src/mcp-server/scopes.ts
  - src/mcp-server/server.ts
  - src/mcp-server/shared.ts
  - src/mcp-server/tools.ts
  - src/mcp-server/tools/apIsCreateApi.ts
  - src/mcp-server/tools/apIsCreateApiDeployment.ts
  - src/mcp-server/tools/apIsCreateApiFromSwagger.ts
  - src/mcp-server/tools/apIsCreateApiWithImportDefinition.ts
  - src/mcp-server/tools/apIsDeleteApi.ts
  - src/mcp-server/tools/apIsDeleteApiBackground.ts
  - src/mcp-server/tools/apIsDeleteApiPicture.ts
  - src/mcp-server/tools/apIsDuplicateApi.ts
  - src/mcp-server/tools/apIsExportApiDefinition.ts
  - src/mcp-server/tools/apIsGetApi.ts
  - src/mcp-server/tools/apIsGetApiBackground.ts
  - src/mcp-server/tools/apIsGetApiMetadata.ts
  - src/mcp-server/tools/apIsGetApiPicture.ts
  - src/mcp-server/tools/apIsGetCurrentApiDeployment.ts
  - src/mcp-server/tools/apIsListApis.ts
  - src/mcp-server/tools/apIsReviewsAccept.ts
  - src/mcp-server/tools/apIsReviewsAsk.ts
  - src/mcp-server/tools/apIsReviewsReject.ts
  - src/mcp-server/tools/apIsRollbackApi.ts
  - src/mcp-server/tools/apIsSearchApis.ts
  - src/mcp-server/tools/apIsStartApi.ts
  - src/mcp-server/tools/apIsStopApi.ts
  - src/mcp-server/tools/apIsTransferOwnership.ts
  - src/mcp-server/tools/apIsUpdateApi.ts
  - src/mcp-server/tools/apIsUpdateApiBackground.ts
  - src/mcp-server/tools/apIsUpdateApiPicture.ts
  - src/mcp-server/tools/apIsVerifyHosts.ts
  - src/mcp-server/tools/apIsVerifyPaths.ts
  - src/mcp-server/tools/apiAnalyticsGetAPIAnalyticsRequestCount.ts
  - src/mcp-server/tools/apiAnalyticsGetAPILog.ts
  - src/mcp-server/tools/apiAnalyticsGetAPILogs.ts
  - src/mcp-server/tools/apiAnalyticsGetAPIMessageLogs.ts
  - src/mcp-server/tools/apiAnalyticsGetAverageConnectionDuration.ts
  - src/mcp-server/tools/apiAnalyticsGetAverageMessagesPerRequest.ts
  - src/mcp-server/tools/apiAnalyticsGetResponseStatusCodes.ts
  - src/mcp-server/tools/apiAnalyticsGetResponseStatusOvertime.ts
  - src/mcp-server/tools/apiAnalyticsGetResponseTimeOverTime.ts
  - src/mcp-server/tools/apiAuditsGetAPIAudits.ts
  - src/mcp-server/tools/apiAuditsListAPIAuditEvents.ts
  - src/mcp-server/tools/apiDocumentationCreateDocumentationPage.ts
  - src/mcp-server/tools/apiDocumentationDeleteDocumentationPage.ts
  - src/mcp-server/tools/apiDocumentationFetchDocumentationPage.ts
  - src/mcp-server/tools/apiDocumentationGetAPIPage.ts
  - src/mcp-server/tools/apiDocumentationGetAPIPages.ts
  - src/mcp-server/tools/apiDocumentationPublishDocumentationPage.ts
  - src/mcp-server/tools/apiDocumentationUnpublishDocumentationPage.ts
  - src/mcp-server/tools/apiDocumentationUpdateDocumentationPage.ts
  - src/mcp-server/tools/apiEventsGetAPIEventById.ts
  - src/mcp-server/tools/apiEventsGetAPIEvents.ts
  - src/mcp-server/tools/apiHealthGetAPIAvailability.ts
  - src/mcp-server/tools/apiHealthGetAPIHealthAverageResponseTime.ts
  - src/mcp-server/tools/apiHealthGetAPIHealthAverageResponseTimeOvertime.ts
  - src/mcp-server/tools/apiHealthGetAPIHealthLogs.ts
  - src/mcp-server/tools/apiMembersAddAPIMember.ts
  - src/mcp-server/tools/apiMembersListAPIMembers.ts
  - src/mcp-server/tools/apiMembersRemoveAPIMember.ts
  - src/mcp-server/tools/apiMembersUpdateAPIMember.ts
  - src/mcp-server/tools/apiPlansCloseAPIPlan.ts
  - src/mcp-server/tools/apiPlansCreateAPIPlan.ts
  - src/mcp-server/tools/apiPlansDeleteAPIPlan.ts
  - src/mcp-server/tools/apiPlansDeprecateAPIPlan.ts
  - src/mcp-server/tools/apiPlansGetAPIPlan.ts
  - src/mcp-server/tools/apiPlansListAPIPlans.ts
  - src/mcp-server/tools/apiPlansPublishAPIPlan.ts
  - src/mcp-server/tools/apiPlansUpdateAPIPlan.ts
  - src/mcp-server/tools/apiScoringGetAPIScoring.ts
  - src/mcp-server/tools/apiScoringTriggerAPIScoring.ts
  - src/mcp-server/tools/apiSpecGenGetSpecGenState.ts
  - src/mcp-server/tools/apiSpecGenPost.ts
  - src/mcp-server/tools/apiSubscriptionsAcceptAPISubscription.ts
  - src/mcp-server/tools/apiSubscriptionsCloseAPISubscription.ts
  - src/mcp-server/tools/apiSubscriptionsCreateAPISubscription.ts
  - src/mcp-server/tools/apiSubscriptionsExportAPISubscriptions.ts
  - src/mcp-server/tools/apiSubscriptionsGetAPISubscribers.ts
  - src/mcp-server/tools/apiSubscriptionsGetAPISubscription.ts
  - src/mcp-server/tools/apiSubscriptionsGetAPISubscriptionAPIKeys.ts
  - src/mcp-server/tools/apiSubscriptionsGetAPISubscriptions.ts
  - src/mcp-server/tools/apiSubscriptionsPauseAPISubscription.ts
  - src/mcp-server/tools/apiSubscriptionsReactivateAPISubscriptionAPIKey.ts
  - src/mcp-server/tools/apiSubscriptionsRejectAPISubscription.ts
  - src/mcp-server/tools/apiSubscriptionsRenewAPISubscriptionAPIKeys.ts
  - src/mcp-server/tools/apiSubscriptionsResumeAPISubscription.ts
  - src/mcp-server/tools/apiSubscriptionsRevokeAPISubscriptionAPIKey.ts
  - src/mcp-server/tools/apiSubscriptionsTransferAPISubscription.ts
  - src/mcp-server/tools/apiSubscriptionsUpdateAPISubscription.ts
  - src/mcp-server/tools/apiSubscriptionsUpdateAPISubscriptionAPIKey.ts
  - src/mcp-server/tools/apiSubscriptionsVerifyAPIDeployment.ts
  - src/mcp-server/tools/apiSubscriptionsVerifyCreateAPISubscription.ts
  - src/mcp-server/tools/asyncJobsListAsyncJob.ts
  - src/mcp-server/tools/categoriesGetCategoryApisPage.ts
  - src/mcp-server/tools/categoriesUpdateCategoryApi.ts
  - src/mcp-server/tools/groupsListGroupMembers.ts
  - src/mcp-server/tools/groupsListGroups.ts
  - src/mcp-server/tools/integrationMembersAddIntegrationMember.ts
  - src/mcp-server/tools/integrationMembersListIntegrationMembers.ts
  - src/mcp-server/tools/integrationMembersRemoveIntegrationMember.ts
  - src/mcp-server/tools/integrationMembersUpdateIntegrationMember.ts
  - src/mcp-server/tools/integrationsCreateIntegration.ts
  - src/mcp-server/tools/integrationsDeleteIngestedApis.ts
  - src/mcp-server/tools/integrationsDeleteIntegration.ts
  - src/mcp-server/tools/integrationsGetIntegration.ts
  - src/mcp-server/tools/integrationsIngestIntegration.ts
  - src/mcp-server/tools/integrationsIngestedApis.ts
  - src/mcp-server/tools/integrationsListIntegrations.ts
  - src/mcp-server/tools/integrationsPreviewIntegration.ts
  - src/mcp-server/tools/integrationsUpdateIntegration.ts
  - src/models/acceptapisubscriptionop.ts
  - src/models/acceptsubscription.ts
  - src/models/accesscontrol.ts
  - src/models/addapimemberop.ts
  - src/models/addintegrationmemberop.ts
  - src/models/addmember.ts
  - src/models/analytics.ts
  - src/models/analytictimerange.ts
  - src/models/api.ts
  - src/models/apianalyticsaverageconnectiondurationresponse.ts
  - src/models/apianalyticsaveragemessagesperrequestresponse.ts
  - src/models/apianalyticsoverperiodresponse.ts
  - src/models/apianalyticsrequestscountresponse.ts
  - src/models/apianalyticsresponsestatusovertimeresponse.ts
  - src/models/apianalyticsresponsestatusrangesresponse.ts
  - src/models/apideployment.ts
  - src/models/apidocumentationpagesresponse.ts
  - src/models/apientrypoint.ts
  - src/models/apifederated.ts
  - src/models/apihealthavailabilityresponse.ts
  - src/models/apihealthaverageresponsetimeovertimeresponse.ts
  - src/models/apihealthaverageresponsetimeresponse.ts
  - src/models/apihealthlogsresponse.ts
  - src/models/apikey.ts
  - src/models/apikeymode.ts
  - src/models/apilifecyclestate.ts
  - src/models/apilinks.ts
  - src/models/apilog.ts
  - src/models/apilogrequestcontent.ts
  - src/models/apilogresponse.ts
  - src/models/apilogresponsecontent.ts
  - src/models/apilogsresponse.ts
  - src/models/apimessagelog.ts
  - src/models/apimessagelogcontent.ts
  - src/models/apimessagelogsresponse.ts
  - src/models/apimetadatasortbyparam.ts
  - src/models/apimetadatasourceparam.ts
  - src/models/apireview.ts
  - src/models/apirollback.ts
  - src/models/apiscoring.ts
  - src/models/apiscoringasset.ts
  - src/models/apiscoringassettype.ts
  - src/models/apiscoringdiagnostic.ts
  - src/models/apiscoringerror.ts
  - src/models/apiscoringposition.ts
  - src/models/apiscoringseverity.ts
  - src/models/apiscoringsummary.ts
  - src/models/apiscoringtriggerresponse.ts
  - src/models/apisearchquery.ts
  - src/models/apiservices.ts
  - src/models/apiservicesv2.ts
  - src/models/apisgetexpandsparam.ts
  - src/models/apisingest.ts
  - src/models/apisortbyparam.ts
  - src/models/apispecgenrequeststate.ts
  - src/models/apisresponse.ts
  - src/models/apissearchexpandsparam.ts
  - src/models/apitransferownership.ts
  - src/models/apitype.ts
  - src/models/apiv1.ts
  - src/models/apiv2.ts
  - src/models/apiv4output.ts
  - src/models/apiworkflowstate.ts
  - src/models/asyncjob.ts
  - src/models/asyncjobsresponse.ts
  - src/models/asyncjobstatus.ts
  - src/models/audit.ts
  - src/models/auditeventsresponse.ts
  - src/models/auditreference.ts
  - src/models/auditsresponse.ts
  - src/models/baseapi.ts
  - src/models/baseapplication.ts
  - src/models/baseorigincontext.ts
  - src/models/baseplan.ts
  - src/models/basestep.ts
  - src/models/basesubscription.ts
  - src/models/baseuser.ts
  - src/models/breadcrumb.ts
  - src/models/categoryapi.ts
  - src/models/categoryapisresponse.ts
  - src/models/channelselector.ts
  - src/models/closeapiplanop.ts
  - src/models/closeapisubscriptionop.ts
  - src/models/conditionselector.ts
  - src/models/consumer.ts
  - src/models/consumertype.ts
  - src/models/cors.ts
  - src/models/createapideploymentop.ts
  - src/models/createapifromswaggerop.ts
  - src/models/createapiop.ts
  - src/models/createapiplanop.ts
  - src/models/createapisubscriptionop.ts
  - src/models/createapiv4.ts
  - src/models/createapiwithimportdefinitionop.ts
  - src/models/createdocumentation.ts
  - src/models/createdocumentationpageop.ts
  - src/models/createintegration.ts
  - src/models/createintegrationop.ts
  - src/models/createplan.ts
  - src/models/createplanv2.ts
  - src/models/createplanv4.ts
  - src/models/createsubscription.ts
  - src/models/definitioncontext.ts
  - src/models/definitionversion.ts
  - src/models/deleteapibackgroundop.ts
  - src/models/deleteapiop.ts
  - src/models/deleteapipictureop.ts
  - src/models/deleteapiplanop.ts
  - src/models/deletedingestedapisresponse.ts
  - src/models/deletedocumentationpageop.ts
  - src/models/deleteingestedapisop.ts
  - src/models/deleteintegrationop.ts
  - src/models/deprecateapiplanop.ts
  - src/models/dlq.ts
  - src/models/duplicateapiop.ts
  - src/models/duplicateapioptions.ts
  - src/models/dynamicpropertyprovider.ts
  - src/models/dynamicpropertyservice.ts
  - src/models/endpointdiscoveryservice.ts
  - src/models/endpointgroupservices.ts
  - src/models/endpointgroupservicesv2.ts
  - src/models/endpointgroupv2.ts
  - src/models/endpointgroupv4.ts
  - src/models/endpointhealthcheckservice.ts
  - src/models/endpointservices.ts
  - src/models/endpointstatus.ts
  - src/models/endpointv2.ts
  - src/models/endpointv4.ts
  - src/models/entrypoint.ts
  - src/models/error.ts
  - src/models/errors/apierror.ts
  - src/models/errors/httpclienterrors.ts
  - src/models/errors/sdkvalidationerror.ts
  - src/models/event.ts
  - src/models/eventsresponse.ts
  - src/models/eventtype.ts
  - src/models/executionmode.ts
  - src/models/exportapidefinitionop.ts
  - src/models/exportapisubscriptionsop.ts
  - src/models/exportapiv4input.ts
  - src/models/failover.ts
  - src/models/failovercase.ts
  - src/models/failoverv4.ts
  - src/models/fetchdocumentationpageop.ts
  - src/models/flowexecution.ts
  - src/models/flowmode.ts
  - src/models/flowstage.ts
  - src/models/flowv2.ts
  - src/models/flowv4.ts
  - src/models/getapianalyticsrequestcountop.ts
  - src/models/getapiauditsop.ts
  - src/models/getapiavailabilityop.ts
  - src/models/getapibackgroundop.ts
  - src/models/getapieventbyidop.ts
  - src/models/getapieventsop.ts
  - src/models/getapihealthaverageresponsetimeop.ts
  - src/models/getapihealthaverageresponsetimeovertimeop.ts
  - src/models/getapihealthlogsop.ts
  - src/models/getapilogop.ts
  - src/models/getapilogsop.ts
  - src/models/getapimessagelogsop.ts
  - src/models/getapimetadataop.ts
  - src/models/getapiop.ts
  - src/models/getapipageop.ts
  - src/models/getapipagesop.ts
  - src/models/getapipictureop.ts
  - src/models/getapiplanop.ts
  - src/models/getapiscoringop.ts
  - src/models/getapisubscribersop.ts
  - src/models/getapisubscriptionapikeysop.ts
  - src/models/getapisubscriptionop.ts
  - src/models/getapisubscriptionsop.ts
  - src/models/getaverageconnectiondurationop.ts
  - src/models/getaveragemessagesperrequestop.ts
  - src/models/getcategoryapispageop.ts
  - src/models/getcurrentapideploymentop.ts
  - src/models/getintegrationop.ts
  - src/models/getresponsestatuscodesop.ts
  - src/models/getresponsestatusovertimeop.ts
  - src/models/getresponsetimeovertimeop.ts
  - src/models/getspecgenstateop.ts
  - src/models/group.ts
  - src/models/groupevent.ts
  - src/models/groupsresponse.ts
  - src/models/healthchecklog.ts
  - src/models/healthchecklogrequest.ts
  - src/models/healthchecklogresponse.ts
  - src/models/healthchecklogstep.ts
  - src/models/healthcheckrequest.ts
  - src/models/healthcheckresponse.ts
  - src/models/healthcheckservice.ts
  - src/models/healthcheckstep.ts
  - src/models/healthfield.ts
  - src/models/httpclientoptions.ts
  - src/models/httpclientssloptions.ts
  - src/models/httpdynamicpropertyproviderconfiguration.ts
  - src/models/httpendpointv2.ts
  - src/models/httpheader.ts
  - src/models/httplistener.ts
  - src/models/httpmethod.ts
  - src/models/httpproxy.ts
  - src/models/httpproxytype.ts
  - src/models/httpselector.ts
  - src/models/importswaggerdescriptor.ts
  - src/models/ingestedapi.ts
  - src/models/ingestedapisop.ts
  - src/models/ingestedapisresponseingestedapisresponse.ts
  - src/models/ingestintegrationop.ts
  - src/models/ingestionjob.ts
  - src/models/ingestionpreviewresponse.ts
  - src/models/integration.ts
  - src/models/integrationingestionresponse.ts
  - src/models/integrationsresponse.ts
  - src/models/jkskeystore.ts
  - src/models/jkstruststore.ts
  - src/models/kafkalistener.ts
  - src/models/keystore.ts
  - src/models/keystoretype.ts
  - src/models/links.ts
  - src/models/listapiauditeventsop.ts
  - src/models/listapimembersop.ts
  - src/models/listapiplansop.ts
  - src/models/listapisop.ts
  - src/models/listasyncjobop.ts
  - src/models/listener.ts
  - src/models/listenertype.ts
  - src/models/listgroupmembersop.ts
  - src/models/listgroupsop.ts
  - src/models/listintegrationmembersop.ts
  - src/models/listintegrationsop.ts
  - src/models/loadbalancer.ts
  - src/models/loggingcontentv2.ts
  - src/models/loggingcontentv4.ts
  - src/models/loggingmodev2.ts
  - src/models/loggingmodev4.ts
  - src/models/loggingphase.ts
  - src/models/loggingscope.ts
  - src/models/loggingv2.ts
  - src/models/loggingv4.ts
  - src/models/media.ts
  - src/models/member.ts
  - src/models/membershipmembertype.ts
  - src/models/membersresponse.ts
  - src/models/metadata.ts
  - src/models/metadataformat.ts
  - src/models/metadataresponse.ts
  - src/models/nonekeystore.ts
  - src/models/nonetruststore.ts
  - src/models/operator.ts
  - src/models/page.ts
  - src/models/pagemedia.ts
  - src/models/pagesource.ts
  - src/models/pagetype.ts
  - src/models/pagination.ts
  - src/models/path.ts
  - src/models/pathoperator.ts
  - src/models/pathv4.ts
  - src/models/pauseapisubscriptionop.ts
  - src/models/pemkeystore.ts
  - src/models/pemtruststore.ts
  - src/models/pkcs12keystore.ts
  - src/models/pkcs12truststore.ts
  - src/models/plan.ts
  - src/models/planfederated.ts
  - src/models/planmode.ts
  - src/models/plansecurity.ts
  - src/models/plansecuritytype.ts
  - src/models/plansresponse.ts
  - src/models/planstatus.ts
  - src/models/plantype.ts
  - src/models/planv2.ts
  - src/models/planv4.ts
  - src/models/planvalidation.ts
  - src/models/postop.ts
  - src/models/previewintegrationop.ts
  - src/models/primaryowner.ts
  - src/models/property.ts
  - src/models/propertyoutput.ts
  - src/models/protocolversion.ts
  - src/models/proxy.ts
  - src/models/publishapiplanop.ts
  - src/models/publishdocumentationpageop.ts
  - src/models/qos.ts
  - src/models/reactivateapisubscriptionapikeyop.ts
  - src/models/rejectapisubscriptionop.ts
  - src/models/rejectsubscription.ts
  - src/models/removeapimemberop.ts
  - src/models/removeintegrationmemberop.ts
  - src/models/renewapikey.ts
  - src/models/renewapisubscriptionapikeysop.ts
  - src/models/resource.ts
  - src/models/responsemetadata.ts
  - src/models/responsetemplate.ts
  - src/models/resumeapisubscriptionop.ts
  - src/models/reviewsacceptop.ts
  - src/models/reviewsaskop.ts
  - src/models/reviewsrejectop.ts
  - src/models/revision.ts
  - src/models/revokeapisubscriptionapikeyop.ts
  - src/models/role.ts
  - src/models/rolescope.ts
  - src/models/rollbackapiop.ts
  - src/models/rule1.ts
  - src/models/rule2.ts
  - src/models/sampling.ts
  - src/models/scoringstatus.ts
  - src/models/searchapisop.ts
  - src/models/security.ts
  - src/models/selector.ts
  - src/models/servicev4.ts
  - src/models/specgenstate.ts
  - src/models/startapiop.ts
  - src/models/stepv4.ts
  - src/models/stopapiop.ts
  - src/models/subscribersresponse.ts
  - src/models/subscription.ts
  - src/models/subscriptionapikeysresponse.ts
  - src/models/subscriptionconsumerconfiguration.ts
  - src/models/subscriptionconsumerstatus.ts
  - src/models/subscriptionlistener.ts
  - src/models/subscriptionsresponse.ts
  - src/models/subscriptionstatus.ts
  - src/models/tcplistener.ts
  - src/models/tracingv4.ts
  - src/models/transferapisubscriptionop.ts
  - src/models/transferownershipop.ts
  - src/models/transfersubscription.ts
  - src/models/triggerapiscoringop.ts
  - src/models/truststore.ts
  - src/models/truststoretype.ts
  - src/models/unpublishdocumentationpageop.ts
  - src/models/updateapi.ts
  - src/models/updateapibackgroundop.ts
  - src/models/updateapifederated.ts
  - src/models/updateapikey.ts
  - src/models/updateapimemberop.ts
  - src/models/updateapiop.ts
  - src/models/updateapipictureop.ts
  - src/models/updateapiplanop.ts
  - src/models/updateapisubscriptionapikeyop.ts
  - src/models/updateapisubscriptionop.ts
  - src/models/updateapiv2.ts
  - src/models/updateapiv4.ts
  - src/models/updatecategoryapi.ts
  - src/models/updatecategoryapiop.ts
  - src/models/updatedocumentation.ts
  - src/models/updatedocumentationpageop.ts
  - src/models/updateintegration.ts
  - src/models/updateintegrationmemberop.ts
  - src/models/updateintegrationop.ts
  - src/models/updatemember.ts
  - src/models/updateplan.ts
  - src/models/updateplanfederated.ts
  - src/models/updateplanv2.ts
  - src/models/updateplanv4.ts
  - src/models/updatesubscription.ts
  - src/models/verifyapideploymentop.ts
  - src/models/verifyapideploymentresponse.ts
  - src/models/verifyapihosts.ts
  - src/models/verifyapihostsresponse.ts
  - src/models/verifyapipaths.ts
  - src/models/verifyapipathsresponse.ts
  - src/models/verifycreateapisubscriptionop.ts
  - src/models/verifyhostsop.ts
  - src/models/verifypathsop.ts
  - src/models/verifysubscription.ts
  - src/models/verifysubscriptionresponse.ts
  - src/models/virtualhost.ts
  - src/models/visibility.ts
  - src/types/async.ts
  - src/types/blobs.ts
  - src/types/enums.ts
  - src/types/fp.ts
  - src/types/rfcdate.ts
  - src/types/streams.ts
  - tsconfig.json
examplesVersion: 1.0.2
